// !$*UTF8*$!
{
	archiveVersion = 1;
	classes = {
	};
	objectVersion = 46;
	objects = {

/* Begin PBXBuildFile section */
		CA7244351E300C980064A8A3 /* AppDelegate.swift in Sources */ = {isa = PBXBuildFile; fileRef = CA7244341E300C980064A8A3 /* AppDelegate.swift */; };
		CA7244371E300C980064A8A3 /* BucketListViewController.swift in Sources */ = {isa = PBXBuildFile; fileRef = CA7244361E300C980064A8A3 /* BucketListViewController.swift */; };
		CA72443A1E300C980064A8A3 /* Main.storyboard in Resources */ = {isa = PBXBuildFile; fileRef = CA7244381E300C980064A8A3 /* Main.storyboard */; };
		CA72443D1E300C980064A8A3 /* bucka.xcdatamodeld in Sources */ = {isa = PBXBuildFile; fileRef = CA72443B1E300C980064A8A3 /* bucka.xcdatamodeld */; };
		CA72443F1E300C980064A8A3 /* Assets.xcassets in Resources */ = {isa = PBXBuildFile; fileRef = CA72443E1E300C980064A8A3 /* Assets.xcassets */; };
		CA7244421E300C980064A8A3 /* LaunchScreen.storyboard in Resources */ = {isa = PBXBuildFile; fileRef = CA7244401E300C980064A8A3 /* LaunchScreen.storyboard */; };
/* End PBXBuildFile section */

/* Begin PBXFileReference section */
		CA7244311E300C980064A8A3 /* bucka.app */ = {isa = PBXFileReference; explicitFileType = wrapper.application; includeInIndex = 0; path = bucka.app; sourceTree = BUILT_PRODUCTS_DIR; };
		CA7244341E300C980064A8A3 /* AppDelegate.swift */ = {isa = PBXFileReference; lastKnownFileType = sourcecode.swift; path = AppDelegate.swift; sourceTree = "<group>"; };
		CA7244361E300C980064A8A3 /* BucketListViewController.swift */ = {isa = PBXFileReference; lastKnownFileType = sourcecode.swift; path = BucketListViewController.swift; sourceTree = "<group>"; };
		CA7244391E300C980064A8A3 /* Base */ = {isa = PBXFileReference; lastKnownFileType = file.storyboard; name = Base; path = Base.lproj/Main.storyboard; sourceTree = "<group>"; };
		CA72443C1E300C980064A8A3 /* bucka.xcdatamodel */ = {isa = PBXFileReference; lastKnownFileType = wrapper.xcdatamodel; path = bucka.xcdatamodel; sourceTree = "<group>"; };
		CA72443E1E300C980064A8A3 /* Assets.xcassets */ = {isa = PBXFileReference; lastKnownFileType = folder.assetcatalog; path = Assets.xcassets; sourceTree = "<group>"; };
		CA7244411E300C980064A8A3 /* Base */ = {isa = PBXFileReference; lastKnownFileType = file.storyboard; name = Base; path = Base.lproj/LaunchScreen.storyboard; sourceTree = "<group>"; };
		CA7244431E300C980064A8A3 /* Info.plist */ = {isa = PBXFileReference; lastKnownFileType = text.plist.xml; path = Info.plist; sourceTree = "<group>"; };
/* End PBXFileReference section */

/* Begin PBXFrameworksBuildPhase section */
		CA72442E1E300C980064A8A3 /* Frameworks */ = {
			isa = PBXFrameworksBuildPhase;
			buildActionMask = 2147483647;
			files = (
			);
			runOnlyForDeploymentPostprocessing = 0;
		};
/* End PBXFrameworksBuildPhase section */

/* Begin PBXGroup section */
		CA7244281E300C980064A8A3 = {
			isa = PBXGroup;
			children = (
				CA7244331E300C980064A8A3 /* bucka */,
				CA7244321E300C980064A8A3 /* Products */,
			);
			sourceTree = "<group>";
		};
		CA7244321E300C980064A8A3 /* Products */ = {
			isa = PBXGroup;
			children = (
				CA7244311E300C980064A8A3 /* bucka.app */,
			);
			name = Products;
			sourceTree = "<group>";
		};
		CA7244331E300C980064A8A3 /* bucka */ = {
			isa = PBXGroup;
			children = (
				CA7244341E300C980064A8A3 /* AppDelegate.swift */,
				CA7244361E300C980064A8A3 /* BucketListViewController.swift */,
				CA7244381E300C980064A8A3 /* Main.storyboard */,
				CA72443E1E300C980064A8A3 /* Assets.xcassets */,
				CA7244401E300C980064A8A3 /* LaunchScreen.storyboard */,
				CA7244431E300C980064A8A3 /* Info.plist */,
				CA72443B1E300C980064A8A3 /* bucka.xcdatamodeld */,
			);
			path = bucka;
			sourceTree = "<group>";
		};
/* End PBXGroup section */

/* Begin PBXNativeTarget section */
		CA7244301E300C980064A8A3 /* bucka */ = {
			isa = PBXNativeTarget;
			buildConfigurationList = CA7244461E300C980064A8A3 /* Build configuration list for PBXNativeTarget "bucka" */;
			buildPhases = (
				CA72442D1E300C980064A8A3 /* Sources */,
				CA72442E1E300C980064A8A3 /* Frameworks */,
				CA72442F1E300C980064A8A3 /* Resources */,
			);
			buildRules = (
			);
			dependencies = (
			);
			name = bucka;
			productName = bucka;
			productReference = CA7244311E300C980064A8A3 /* bucka.app */;
			productType = "com.apple.product-type.application";
		};
/* End PBXNativeTarget section */

/* Begin PBXProject section */
		CA7244291E300C980064A8A3 /* Project object */ = {
			isa = PBXProject;
			attributes = {
				LastSwiftUpdateCheck = 0820;
				LastUpgradeCheck = 0820;
				ORGANIZATIONNAME = "Kevin M Tran";
				TargetAttributes = {
					CA7244301E300C980064A8A3 = {
						CreatedOnToolsVersion = 8.2.1;
						ProvisioningStyle = Automatic;
					};
				};
			};
			buildConfigurationList = CA72442C1E300C980064A8A3 /* Build configuration list for PBXProject "bucka" */;
			compatibilityVersion = "Xcode 3.2";
			developmentRegion = English;
			hasScannedForEncodings = 0;
			knownRegions = (
				en,
				Base,
			);
			mainGroup = CA7244281E300C980064A8A3;
			productRefGroup = CA7244321E300C980064A8A3 /* Products */;
			projectDirPath = "";
			projectRoot = "";
			targets = (
				CA7244301E300C980064A8A3 /* bucka */,
			);
		};
/* End PBXProject section */

/* Begin PBXResourcesBuildPhase section */
		CA72442F1E300C980064A8A3 /* Resources */ = {
			isa = PBXResourcesBuildPhase;
			buildActionMask = 2147483647;
			files = (
				CA7244421E300C980064A8A3 /* LaunchScreen.storyboard in Resources */,
				CA72443F1E300C980064A8A3 /* Assets.xcassets in Resources */,
				CA72443A1E300C980064A8A3 /* Main.storyboard in Resources */,
			);
			runOnlyForDeploymentPostprocessing = 0;
		};
/* End PBXResourcesBuildPhase section */

/* Begin PBXSourcesBuildPhase section */
		CA72442D1E300C980064A8A3 /* Sources */ = {
			isa = PBXSourcesBuildPhase;
			buildActionMask = 2147483647;
			files = (
				CA72443D1E300C980064A8A3 /* bucka.xcdatamodeld in Sources */,
				CA7244371E300C980064A8A3 /* BucketListViewController.swift in Sources */,
				CA7244351E300C980064A8A3 /* AppDelegate.swift in Sources */,
			);
			runOnlyForDeploymentPostprocessing = 0;
		};
/* End PBXSourcesBuildPhase section */

/* Begin PBXVariantGroup section */
		CA7244381E300C980064A8A3 /* Main.storyboard */ = {
			isa = PBXVariantGroup;
			children = (
				CA7244391E300C980064A8A3 /* Base */,
			);
			name = Main.storyboard;
			sourceTree = "<group>";
		};
		CA7244401E300C980064A8A3 /* LaunchScreen.storyboard */ = {
			isa = PBXVariantGroup;
			children = (
				CA7244411E300C980064A8A3 /* Base */,
			);
			name = LaunchScreen.storyboard;
			sourceTree = "<group>";
		};
/* End PBXVariantGroup section */

/* Begin XCBuildConfiguration section */
		CA7244441E300C980064A8A3 /* Debug */ = {
			isa = XCBuildConfiguration;
			buildSettings = {
				ALWAYS_SEARCH_USER_PATHS = NO;
				CLANG_ANALYZER_NONNULL = YES;
				CLANG_CXX_LANGUAGE_STANDARD = "gnu++0x";
				CLANG_CXX_LIBRARY = "libc++";
				CLANG_ENABLE_MODULES = YES;
				CLANG_ENABLE_OBJC_ARC = YES;
				CLANG_WARN_BOOL_CONVERSION = YES;
				CLANG_WARN_CONSTANT_CONVERSION = YES;
				CLANG_WARN_DIRECT_OBJC_ISA_USAGE = YES_ERROR;
				CLANG_WARN_DOCUMENTATION_COMMENTS = YES;
				CLANG_WARN_EMPTY_BODY = YES;
				CLANG_WARN_ENUM_CONVERSION = YES;
				CLANG_WARN_INFINITE_RECURSION = YES;
				CLANG_WARN_INT_CONVERSION = YES;
				CLANG_WARN_OBJC_ROOT_CLASS = YES_ERROR;
				CLANG_WARN_SUSPICIOUS_MOVE = YES;
				CLANG_WARN_UNREACHABLE_CODE = YES;
				CLANG_WARN__DUPLICATE_METHOD_MATCH = YES;
				"CODE_SIGN_IDENTITY[sdk=iphoneos*]" = "iPhone Developer";
				COPY_PHASE_STRIP = NO;
				DEBUG_INFORMATION_FORMAT = dwarf;
				ENABLE_STRICT_OBJC_MSGSEND = YES;
				ENABLE_TESTABILITY = YES;
				GCC_C_LANGUAGE_STANDARD = gnu99;
				GCC_DYNAMIC_NO_PIC = NO;
				GCC_NO_COMMON_BLOCKS = YES;
				GCC_OPTIMIZATION_LEVEL = 0;
				GCC_PREPROCESSOR_DEFINITIONS = (
					"DEBUG=1",
					"$(inherited)",
				);
				GCC_WARN_64_TO_32_BIT_CONVERSION = YES;
				GCC_WARN_ABOUT_RETURN_TYPE = YES_ERROR;
				GCC_WARN_UNDECLARED_SELECTOR = YES;
				GCC_WARN_UNINITIALIZED_AUTOS = YES_AGGRESSIVE;
				GCC_WARN_UNUSED_FUNCTION = YES;
				GCC_WARN_UNUSED_VARIABLE = YES;
				IPHONEOS_DEPLOYMENT_TARGET = 10.2;
				MTL_ENABLE_DEBUG_INFO = YES;
				ONLY_ACTIVE_ARCH = YES;
				SDKROOT = iphoneos;
				SWIFT_ACTIVE_COMPILATION_CONDITIONS = DEBUG;
				SWIFT_OPTIMIZATION_LEVEL = "-Onone";
			};
			name = Debug;
		};
		CA7244451E300C980064A8A3 /* Release */ = {
			isa = XCBuildConfiguration;
			buildSettings = {
				ALWAYS_SEARCH_USER_PATHS = NO;
				CLANG_ANALYZER_NONNULL = YES;
				CLANG_CXX_LANGUAGE_STANDARD = "gnu++0x";
				CLANG_CXX_LIBRARY = "libc++";
				CLANG_ENABLE_MODULES = YES;
				CLANG_ENABLE_OBJC_ARC = YES;
				CLANG_WARN_BOOL_CONVERSION = YES;
				CLANG_WARN_CONSTANT_CONVERSION = YES;
				CLANG_WARN_DIRECT_OBJC_ISA_USAGE = YES_ERROR;
				CLANG_WARN_DOCUMENTATION_COMMENTS = YES;
				CLANG_WARN_EMPTY_BODY = YES;
				CLANG_WARN_ENUM_CONVERSION = YES;
				CLANG_WARN_INFINITE_RECURSION = YES;
				CLANG_WARN_INT_CONVERSION = YES;
				CLANG_WARN_OBJC_ROOT_CLASS = YES_ERROR;
				CLANG_WARN_SUSPICIOUS_MOVE = YES;
				CLANG_WARN_UNREACHABLE_CODE = YES;
				CLANG_WARN__DUPLICATE_METHOD_MATCH = YES;
				"CODE_SIGN_IDENTITY[sdk=iphoneos*]" = "iPhone Developer";
				COPY_PHASE_STRIP = NO;
				DEBUG_INFORMATION_FORMAT = "dwarf-with-dsym";
				ENABLE_NS_ASSERTIONS = NO;
				ENABLE_STRICT_OBJC_MSGSEND = YES;
				GCC_C_LANGUAGE_STANDARD = gnu99;
				GCC_NO_COMMON_BLOCKS = YES;
				GCC_WARN_64_TO_32_BIT_CONVERSION = YES;
				GCC_WARN_ABOUT_RETURN_TYPE = YES_ERROR;
				GCC_WARN_UNDECLARED_SELECTOR = YES;
				GCC_WARN_UNINITIALIZED_AUTOS = YES_AGGRESSIVE;
				GCC_WARN_UNUSED_FUNCTION = YES;
				GCC_WARN_UNUSED_VARIABLE = YES;
				IPHONEOS_DEPLOYMENT_TARGET = 10.2;
				MTL_ENABLE_DEBUG_INFO = NO;
				SDKROOT = iphoneos;
				SWIFT_OPTIMIZATION_LEVEL = "-Owholemodule";
				VALIDATE_PRODUCT = YES;
			};
			name = Release;
		};
		CA7244471E300C980064A8A3 /* Debug */ = {
			isa = XCBuildConfiguration;
			buildSettings = {
				ASSETCATALOG_COMPILER_APPICON_NAME = AppIcon;
				INFOPLIST_FILE = bucka/Info.plist;
				LD_RUNPATH_SEARCH_PATHS = "$(inherited) @executable_path/Frameworks";
				PRODUCT_BUNDLE_IDENTIFIER = com.kevin.bucka;
				PRODUCT_NAME = "$(TARGET_NAME)";
				SWIFT_VERSION = 3.0;
			};
			name = Debug;
		};
		CA7244481E300C980064A8A3 /* Release */ = {
			isa = XCBuildConfiguration;
			buildSettings = {
				ASSETCATALOG_COMPILER_APPICON_NAME = AppIcon;
				INFOPLIST_FILE = bucka/Info.plist;
				LD_RUNPATH_SEARCH_PATHS = "$(inherited) @executable_path/Frameworks";
				PRODUCT_BUNDLE_IDENTIFIER = com.kevin.bucka;
				PRODUCT_NAME = "$(TARGET_NAME)";
				SWIFT_VERSION = 3.0;
			};
			name = Release;
		};
/* End XCBuildConfiguration section */

/* Begin XCConfigurationList section */
		CA72442C1E300C980064A8A3 /* Build configuration list for PBXProject "bucka" */ = {
			isa = XCConfigurationList;
			buildConfigurations = (
				CA7244441E300C980064A8A3 /* Debug */,
				CA7244451E300C980064A8A3 /* Release */,
			);
			defaultConfigurationIsVisible = 0;
			defaultConfigurationName = Release;
		};
		CA7244461E300C980064A8A3 /* Build configuration list for PBXNativeTarget "bucka" */ = {
			isa = XCConfigurationList;
			buildConfigurations = (
				CA7244471E300C980064A8A3 /* Debug */,
				CA7244481E300C980064A8A3 /* Release */,
			);
			defaultConfigurationIsVisible = 0;
		};
/* End XCConfigurationList section */

/* Begin XCVersionGroup section */
		CA72443B1E300C980064A8A3 /* bucka.xcdatamodeld */ = {
			isa = XCVersionGroup;
			children = (
				CA72443C1E300C980064A8A3 /* bucka.xcdatamodel */,
			);
			currentVersion = CA72443C1E300C980064A8A3 /* bucka.xcdatamodel */;
			path = bucka.xcdatamodeld;
			sourceTree = "<group>";
			versionGroupType = wrapper.xcdatamodel;
		};
/* End XCVersionGroup section */
	};
	rootObject = CA7244291E300C980064A8A3 /* Project object */;
}
