// !$*UTF8*$!
{
	archiveVersion = 1;
	classes = {
	};
	objectVersion = 46;
	objects = {

/* Begin PBXBuildFile section */
		CA32EA521E2AC99700CD8ECA /* AppDelegate.swift in Sources */ = {isa = PBXBuildFile; fileRef = CA32EA511E2AC99700CD8ECA /* AppDelegate.swift */; };
		CA32EA541E2AC99700CD8ECA /* ViewController.swift in Sources */ = {isa = PBXBuildFile; fileRef = CA32EA531E2AC99700CD8ECA /* ViewController.swift */; };
		CA32EA571E2AC99700CD8ECA /* Main.storyboard in Resources */ = {isa = PBXBuildFile; fileRef = CA32EA551E2AC99700CD8ECA /* Main.storyboard */; };
		CA32EA591E2AC99700CD8ECA /* Assets.xcassets in Resources */ = {isa = PBXBuildFile; fileRef = CA32EA581E2AC99700CD8ECA /* Assets.xcassets */; };
		CA32EA5C1E2AC99700CD8ECA /* LaunchScreen.storyboard in Resources */ = {isa = PBXBuildFile; fileRef = CA32EA5A1E2AC99700CD8ECA /* LaunchScreen.storyboard */; };
/* End PBXBuildFile section */

/* Begin PBXFileReference section */
		CA32EA4E1E2AC99700CD8ECA /* ninja_gold.app */ = {isa = PBXFileReference; explicitFileType = wrapper.application; includeInIndex = 0; path = ninja_gold.app; sourceTree = BUILT_PRODUCTS_DIR; };
		CA32EA511E2AC99700CD8ECA /* AppDelegate.swift */ = {isa = PBXFileReference; lastKnownFileType = sourcecode.swift; path = AppDelegate.swift; sourceTree = "<group>"; };
		CA32EA531E2AC99700CD8ECA /* ViewController.swift */ = {isa = PBXFileReference; lastKnownFileType = sourcecode.swift; path = ViewController.swift; sourceTree = "<group>"; };
		CA32EA561E2AC99700CD8ECA /* Base */ = {isa = PBXFileReference; lastKnownFileType = file.storyboard; name = Base; path = Base.lproj/Main.storyboard; sourceTree = "<group>"; };
		CA32EA581E2AC99700CD8ECA /* Assets.xcassets */ = {isa = PBXFileReference; lastKnownFileType = folder.assetcatalog; path = Assets.xcassets; sourceTree = "<group>"; };
		CA32EA5B1E2AC99700CD8ECA /* Base */ = {isa = PBXFileReference; lastKnownFileType = file.storyboard; name = Base; path = Base.lproj/LaunchScreen.storyboard; sourceTree = "<group>"; };
		CA32EA5D1E2AC99700CD8ECA /* Info.plist */ = {isa = PBXFileReference; lastKnownFileType = text.plist.xml; path = Info.plist; sourceTree = "<group>"; };
/* End PBXFileReference section */

/* Begin PBXFrameworksBuildPhase section */
		CA32EA4B1E2AC99700CD8ECA /* Frameworks */ = {
			isa = PBXFrameworksBuildPhase;
			buildActionMask = 2147483647;
			files = (
			);
			runOnlyForDeploymentPostprocessing = 0;
		};
/* End PBXFrameworksBuildPhase section */

/* Begin PBXGroup section */
		CA32EA451E2AC99700CD8ECA = {
			isa = PBXGroup;
			children = (
				CA32EA501E2AC99700CD8ECA /* ninja_gold */,
				CA32EA4F1E2AC99700CD8ECA /* Products */,
			);
			sourceTree = "<group>";
		};
		CA32EA4F1E2AC99700CD8ECA /* Products */ = {
			isa = PBXGroup;
			children = (
				CA32EA4E1E2AC99700CD8ECA /* ninja_gold.app */,
			);
			name = Products;
			sourceTree = "<group>";
		};
		CA32EA501E2AC99700CD8ECA /* ninja_gold */ = {
			isa = PBXGroup;
			children = (
				CA32EA511E2AC99700CD8ECA /* AppDelegate.swift */,
				CA32EA531E2AC99700CD8ECA /* ViewController.swift */,
				CA32EA551E2AC99700CD8ECA /* Main.storyboard */,
				CA32EA581E2AC99700CD8ECA /* Assets.xcassets */,
				CA32EA5A1E2AC99700CD8ECA /* LaunchScreen.storyboard */,
				CA32EA5D1E2AC99700CD8ECA /* Info.plist */,
			);
			path = ninja_gold;
			sourceTree = "<group>";
		};
/* End PBXGroup section */

/* Begin PBXNativeTarget section */
		CA32EA4D1E2AC99700CD8ECA /* ninja_gold */ = {
			isa = PBXNativeTarget;
			buildConfigurationList = CA32EA601E2AC99700CD8ECA /* Build configuration list for PBXNativeTarget "ninja_gold" */;
			buildPhases = (
				CA32EA4A1E2AC99700CD8ECA /* Sources */,
				CA32EA4B1E2AC99700CD8ECA /* Frameworks */,
				CA32EA4C1E2AC99700CD8ECA /* Resources */,
			);
			buildRules = (
			);
			dependencies = (
			);
			name = ninja_gold;
			productName = ninja_gold;
			productReference = CA32EA4E1E2AC99700CD8ECA /* ninja_gold.app */;
			productType = "com.apple.product-type.application";
		};
/* End PBXNativeTarget section */

/* Begin PBXProject section */
		CA32EA461E2AC99700CD8ECA /* Project object */ = {
			isa = PBXProject;
			attributes = {
				LastSwiftUpdateCheck = 0820;
				LastUpgradeCheck = 0820;
				ORGANIZATIONNAME = "Kevin M Tran";
				TargetAttributes = {
					CA32EA4D1E2AC99700CD8ECA = {
						CreatedOnToolsVersion = 8.2.1;
						ProvisioningStyle = Automatic;
					};
				};
			};
			buildConfigurationList = CA32EA491E2AC99700CD8ECA /* Build configuration list for PBXProject "ninja_gold" */;
			compatibilityVersion = "Xcode 3.2";
			developmentRegion = English;
			hasScannedForEncodings = 0;
			knownRegions = (
				en,
				Base,
			);
			mainGroup = CA32EA451E2AC99700CD8ECA;
			productRefGroup = CA32EA4F1E2AC99700CD8ECA /* Products */;
			projectDirPath = "";
			projectRoot = "";
			targets = (
				CA32EA4D1E2AC99700CD8ECA /* ninja_gold */,
			);
		};
/* End PBXProject section */

/* Begin PBXResourcesBuildPhase section */
		CA32EA4C1E2AC99700CD8ECA /* Resources */ = {
			isa = PBXResourcesBuildPhase;
			buildActionMask = 2147483647;
			files = (
				CA32EA5C1E2AC99700CD8ECA /* LaunchScreen.storyboard in Resources */,
				CA32EA591E2AC99700CD8ECA /* Assets.xcassets in Resources */,
				CA32EA571E2AC99700CD8ECA /* Main.storyboard in Resources */,
			);
			runOnlyForDeploymentPostprocessing = 0;
		};
/* End PBXResourcesBuildPhase section */

/* Begin PBXSourcesBuildPhase section */
		CA32EA4A1E2AC99700CD8ECA /* Sources */ = {
			isa = PBXSourcesBuildPhase;
			buildActionMask = 2147483647;
			files = (
				CA32EA541E2AC99700CD8ECA /* ViewController.swift in Sources */,
				CA32EA521E2AC99700CD8ECA /* AppDelegate.swift in Sources */,
			);
			runOnlyForDeploymentPostprocessing = 0;
		};
/* End PBXSourcesBuildPhase section */

/* Begin PBXVariantGroup section */
		CA32EA551E2AC99700CD8ECA /* Main.storyboard */ = {
			isa = PBXVariantGroup;
			children = (
				CA32EA561E2AC99700CD8ECA /* Base */,
			);
			name = Main.storyboard;
			sourceTree = "<group>";
		};
		CA32EA5A1E2AC99700CD8ECA /* LaunchScreen.storyboard */ = {
			isa = PBXVariantGroup;
			children = (
				CA32EA5B1E2AC99700CD8ECA /* Base */,
			);
			name = LaunchScreen.storyboard;
			sourceTree = "<group>";
		};
/* End PBXVariantGroup section */

/* Begin XCBuildConfiguration section */
		CA32EA5E1E2AC99700CD8ECA /* Debug */ = {
			isa = XCBuildConfiguration;
			buildSettings = {
				ALWAYS_SEARCH_USER_PATHS = NO;
				CLANG_ANALYZER_NONNULL = YES;
				CLANG_CXX_LANGUAGE_STANDARD = "gnu++0x";
				CLANG_CXX_LIBRARY = "libc++";
				CLANG_ENABLE_MODULES = YES;
				CLANG_ENABLE_OBJC_ARC = YES;
				CLANG_WARN_BOOL_CONVERSION = YES;
				CLANG_WARN_CONSTANT_CONVERSION = YES;
				CLANG_WARN_DIRECT_OBJC_ISA_USAGE = YES_ERROR;
				CLANG_WARN_DOCUMENTATION_COMMENTS = YES;
				CLANG_WARN_EMPTY_BODY = YES;
				CLANG_WARN_ENUM_CONVERSION = YES;
				CLANG_WARN_INFINITE_RECURSION = YES;
				CLANG_WARN_INT_CONVERSION = YES;
				CLANG_WARN_OBJC_ROOT_CLASS = YES_ERROR;
				CLANG_WARN_SUSPICIOUS_MOVE = YES;
				CLANG_WARN_UNREACHABLE_CODE = YES;
				CLANG_WARN__DUPLICATE_METHOD_MATCH = YES;
				"CODE_SIGN_IDENTITY[sdk=iphoneos*]" = "iPhone Developer";
				COPY_PHASE_STRIP = NO;
				DEBUG_INFORMATION_FORMAT = dwarf;
				ENABLE_STRICT_OBJC_MSGSEND = YES;
				ENABLE_TESTABILITY = YES;
				GCC_C_LANGUAGE_STANDARD = gnu99;
				GCC_DYNAMIC_NO_PIC = NO;
				GCC_NO_COMMON_BLOCKS = YES;
				GCC_OPTIMIZATION_LEVEL = 0;
				GCC_PREPROCESSOR_DEFINITIONS = (
					"DEBUG=1",
					"$(inherited)",
				);
				GCC_WARN_64_TO_32_BIT_CONVERSION = YES;
				GCC_WARN_ABOUT_RETURN_TYPE = YES_ERROR;
				GCC_WARN_UNDECLARED_SELECTOR = YES;
				GCC_WARN_UNINITIALIZED_AUTOS = YES_AGGRESSIVE;
				GCC_WARN_UNUSED_FUNCTION = YES;
				GCC_WARN_UNUSED_VARIABLE = YES;
				IPHONEOS_DEPLOYMENT_TARGET = 10.2;
				MTL_ENABLE_DEBUG_INFO = YES;
				ONLY_ACTIVE_ARCH = YES;
				SDKROOT = iphoneos;
				SWIFT_ACTIVE_COMPILATION_CONDITIONS = DEBUG;
				SWIFT_OPTIMIZATION_LEVEL = "-Onone";
			};
			name = Debug;
		};
		CA32EA5F1E2AC99700CD8ECA /* Release */ = {
			isa = XCBuildConfiguration;
			buildSettings = {
				ALWAYS_SEARCH_USER_PATHS = NO;
				CLANG_ANALYZER_NONNULL = YES;
				CLANG_CXX_LANGUAGE_STANDARD = "gnu++0x";
				CLANG_CXX_LIBRARY = "libc++";
				CLANG_ENABLE_MODULES = YES;
				CLANG_ENABLE_OBJC_ARC = YES;
				CLANG_WARN_BOOL_CONVERSION = YES;
				CLANG_WARN_CONSTANT_CONVERSION = YES;
				CLANG_WARN_DIRECT_OBJC_ISA_USAGE = YES_ERROR;
				CLANG_WARN_DOCUMENTATION_COMMENTS = YES;
				CLANG_WARN_EMPTY_BODY = YES;
				CLANG_WARN_ENUM_CONVERSION = YES;
				CLANG_WARN_INFINITE_RECURSION = YES;
				CLANG_WARN_INT_CONVERSION = YES;
				CLANG_WARN_OBJC_ROOT_CLASS = YES_ERROR;
				CLANG_WARN_SUSPICIOUS_MOVE = YES;
				CLANG_WARN_UNREACHABLE_CODE = YES;
				CLANG_WARN__DUPLICATE_METHOD_MATCH = YES;
				"CODE_SIGN_IDENTITY[sdk=iphoneos*]" = "iPhone Developer";
				COPY_PHASE_STRIP = NO;
				DEBUG_INFORMATION_FORMAT = "dwarf-with-dsym";
				ENABLE_NS_ASSERTIONS = NO;
				ENABLE_STRICT_OBJC_MSGSEND = YES;
				GCC_C_LANGUAGE_STANDARD = gnu99;
				GCC_NO_COMMON_BLOCKS = YES;
				GCC_WARN_64_TO_32_BIT_CONVERSION = YES;
				GCC_WARN_ABOUT_RETURN_TYPE = YES_ERROR;
				GCC_WARN_UNDECLARED_SELECTOR = YES;
				GCC_WARN_UNINITIALIZED_AUTOS = YES_AGGRESSIVE;
				GCC_WARN_UNUSED_FUNCTION = YES;
				GCC_WARN_UNUSED_VARIABLE = YES;
				IPHONEOS_DEPLOYMENT_TARGET = 10.2;
				MTL_ENABLE_DEBUG_INFO = NO;
				SDKROOT = iphoneos;
				SWIFT_OPTIMIZATION_LEVEL = "-Owholemodule";
				VALIDATE_PRODUCT = YES;
			};
			name = Release;
		};
		CA32EA611E2AC99700CD8ECA /* Debug */ = {
			isa = XCBuildConfiguration;
			buildSettings = {
				ASSETCATALOG_COMPILER_APPICON_NAME = AppIcon;
				INFOPLIST_FILE = ninja_gold/Info.plist;
				LD_RUNPATH_SEARCH_PATHS = "$(inherited) @executable_path/Frameworks";
				PRODUCT_BUNDLE_IDENTIFIER = "com.kevin.ninja-gold";
				PRODUCT_NAME = "$(TARGET_NAME)";
				SWIFT_VERSION = 3.0;
			};
			name = Debug;
		};
		CA32EA621E2AC99700CD8ECA /* Release */ = {
			isa = XCBuildConfiguration;
			buildSettings = {
				ASSETCATALOG_COMPILER_APPICON_NAME = AppIcon;
				INFOPLIST_FILE = ninja_gold/Info.plist;
				LD_RUNPATH_SEARCH_PATHS = "$(inherited) @executable_path/Frameworks";
				PRODUCT_BUNDLE_IDENTIFIER = "com.kevin.ninja-gold";
				PRODUCT_NAME = "$(TARGET_NAME)";
				SWIFT_VERSION = 3.0;
			};
			name = Release;
		};
/* End XCBuildConfiguration section */

/* Begin XCConfigurationList section */
		CA32EA491E2AC99700CD8ECA /* Build configuration list for PBXProject "ninja_gold" */ = {
			isa = XCConfigurationList;
			buildConfigurations = (
				CA32EA5E1E2AC99700CD8ECA /* Debug */,
				CA32EA5F1E2AC99700CD8ECA /* Release */,
			);
			defaultConfigurationIsVisible = 0;
			defaultConfigurationName = Release;
		};
		CA32EA601E2AC99700CD8ECA /* Build configuration list for PBXNativeTarget "ninja_gold" */ = {
			isa = XCConfigurationList;
			buildConfigurations = (
				CA32EA611E2AC99700CD8ECA /* Debug */,
				CA32EA621E2AC99700CD8ECA /* Release */,
			);
			defaultConfigurationIsVisible = 0;
			defaultConfigurationName = Release;
		};
/* End XCConfigurationList section */
	};
	rootObject = CA32EA461E2AC99700CD8ECA /* Project object */;
}
