// !$*UTF8*$!
{
	archiveVersion = 1;
	classes = {
	};
	objectVersion = 46;
	objects = {

/* Begin PBXBuildFile section */
		CA5E46881E2E6E9600A8602E /* AppDelegate.swift in Sources */ = {isa = PBXBuildFile; fileRef = CA5E46871E2E6E9600A8602E /* AppDelegate.swift */; };
		CA5E468A1E2E6E9600A8602E /* ViewController.swift in Sources */ = {isa = PBXBuildFile; fileRef = CA5E46891E2E6E9600A8602E /* ViewController.swift */; };
		CA5E468D1E2E6E9600A8602E /* Main.storyboard in Resources */ = {isa = PBXBuildFile; fileRef = CA5E468B1E2E6E9600A8602E /* Main.storyboard */; };
		CA5E46901E2E6E9600A8602E /* addbutton.xcdatamodeld in Sources */ = {isa = PBXBuildFile; fileRef = CA5E468E1E2E6E9600A8602E /* addbutton.xcdatamodeld */; };
		CA5E46921E2E6E9600A8602E /* Assets.xcassets in Resources */ = {isa = PBXBuildFile; fileRef = CA5E46911E2E6E9600A8602E /* Assets.xcassets */; };
		CA5E46951E2E6E9600A8602E /* LaunchScreen.storyboard in Resources */ = {isa = PBXBuildFile; fileRef = CA5E46931E2E6E9600A8602E /* LaunchScreen.storyboard */; };
/* End PBXBuildFile section */

/* Begin PBXFileReference section */
		CA5E46841E2E6E9600A8602E /* addbutton.app */ = {isa = PBXFileReference; explicitFileType = wrapper.application; includeInIndex = 0; path = addbutton.app; sourceTree = BUILT_PRODUCTS_DIR; };
		CA5E46871E2E6E9600A8602E /* AppDelegate.swift */ = {isa = PBXFileReference; lastKnownFileType = sourcecode.swift; path = AppDelegate.swift; sourceTree = "<group>"; };
		CA5E46891E2E6E9600A8602E /* ViewController.swift */ = {isa = PBXFileReference; lastKnownFileType = sourcecode.swift; path = ViewController.swift; sourceTree = "<group>"; };
		CA5E468C1E2E6E9600A8602E /* Base */ = {isa = PBXFileReference; lastKnownFileType = file.storyboard; name = Base; path = Base.lproj/Main.storyboard; sourceTree = "<group>"; };
		CA5E468F1E2E6E9600A8602E /* addbutton.xcdatamodel */ = {isa = PBXFileReference; lastKnownFileType = wrapper.xcdatamodel; path = addbutton.xcdatamodel; sourceTree = "<group>"; };
		CA5E46911E2E6E9600A8602E /* Assets.xcassets */ = {isa = PBXFileReference; lastKnownFileType = folder.assetcatalog; path = Assets.xcassets; sourceTree = "<group>"; };
		CA5E46941E2E6E9600A8602E /* Base */ = {isa = PBXFileReference; lastKnownFileType = file.storyboard; name = Base; path = Base.lproj/LaunchScreen.storyboard; sourceTree = "<group>"; };
		CA5E46961E2E6E9600A8602E /* Info.plist */ = {isa = PBXFileReference; lastKnownFileType = text.plist.xml; path = Info.plist; sourceTree = "<group>"; };
/* End PBXFileReference section */

/* Begin PBXFrameworksBuildPhase section */
		CA5E46811E2E6E9600A8602E /* Frameworks */ = {
			isa = PBXFrameworksBuildPhase;
			buildActionMask = 2147483647;
			files = (
			);
			runOnlyForDeploymentPostprocessing = 0;
		};
/* End PBXFrameworksBuildPhase section */

/* Begin PBXGroup section */
		CA5E467B1E2E6E9600A8602E = {
			isa = PBXGroup;
			children = (
				CA5E46861E2E6E9600A8602E /* addbutton */,
				CA5E46851E2E6E9600A8602E /* Products */,
			);
			sourceTree = "<group>";
		};
		CA5E46851E2E6E9600A8602E /* Products */ = {
			isa = PBXGroup;
			children = (
				CA5E46841E2E6E9600A8602E /* addbutton.app */,
			);
			name = Products;
			sourceTree = "<group>";
		};
		CA5E46861E2E6E9600A8602E /* addbutton */ = {
			isa = PBXGroup;
			children = (
				CA5E46871E2E6E9600A8602E /* AppDelegate.swift */,
				CA5E46891E2E6E9600A8602E /* ViewController.swift */,
				CA5E468B1E2E6E9600A8602E /* Main.storyboard */,
				CA5E46911E2E6E9600A8602E /* Assets.xcassets */,
				CA5E46931E2E6E9600A8602E /* LaunchScreen.storyboard */,
				CA5E46961E2E6E9600A8602E /* Info.plist */,
				CA5E468E1E2E6E9600A8602E /* addbutton.xcdatamodeld */,
			);
			path = addbutton;
			sourceTree = "<group>";
		};
/* End PBXGroup section */

/* Begin PBXNativeTarget section */
		CA5E46831E2E6E9600A8602E /* addbutton */ = {
			isa = PBXNativeTarget;
			buildConfigurationList = CA5E46991E2E6E9600A8602E /* Build configuration list for PBXNativeTarget "addbutton" */;
			buildPhases = (
				CA5E46801E2E6E9600A8602E /* Sources */,
				CA5E46811E2E6E9600A8602E /* Frameworks */,
				CA5E46821E2E6E9600A8602E /* Resources */,
			);
			buildRules = (
			);
			dependencies = (
			);
			name = addbutton;
			productName = addbutton;
			productReference = CA5E46841E2E6E9600A8602E /* addbutton.app */;
			productType = "com.apple.product-type.application";
		};
/* End PBXNativeTarget section */

/* Begin PBXProject section */
		CA5E467C1E2E6E9600A8602E /* Project object */ = {
			isa = PBXProject;
			attributes = {
				LastSwiftUpdateCheck = 0820;
				LastUpgradeCheck = 0820;
				ORGANIZATIONNAME = "Kevin M Tran";
				TargetAttributes = {
					CA5E46831E2E6E9600A8602E = {
						CreatedOnToolsVersion = 8.2.1;
						ProvisioningStyle = Automatic;
					};
				};
			};
			buildConfigurationList = CA5E467F1E2E6E9600A8602E /* Build configuration list for PBXProject "addbutton" */;
			compatibilityVersion = "Xcode 3.2";
			developmentRegion = English;
			hasScannedForEncodings = 0;
			knownRegions = (
				en,
				Base,
			);
			mainGroup = CA5E467B1E2E6E9600A8602E;
			productRefGroup = CA5E46851E2E6E9600A8602E /* Products */;
			projectDirPath = "";
			projectRoot = "";
			targets = (
				CA5E46831E2E6E9600A8602E /* addbutton */,
			);
		};
/* End PBXProject section */

/* Begin PBXResourcesBuildPhase section */
		CA5E46821E2E6E9600A8602E /* Resources */ = {
			isa = PBXResourcesBuildPhase;
			buildActionMask = 2147483647;
			files = (
				CA5E46951E2E6E9600A8602E /* LaunchScreen.storyboard in Resources */,
				CA5E46921E2E6E9600A8602E /* Assets.xcassets in Resources */,
				CA5E468D1E2E6E9600A8602E /* Main.storyboard in Resources */,
			);
			runOnlyForDeploymentPostprocessing = 0;
		};
/* End PBXResourcesBuildPhase section */

/* Begin PBXSourcesBuildPhase section */
		CA5E46801E2E6E9600A8602E /* Sources */ = {
			isa = PBXSourcesBuildPhase;
			buildActionMask = 2147483647;
			files = (
				CA5E468A1E2E6E9600A8602E /* ViewController.swift in Sources */,
				CA5E46881E2E6E9600A8602E /* AppDelegate.swift in Sources */,
				CA5E46901E2E6E9600A8602E /* addbutton.xcdatamodeld in Sources */,
			);
			runOnlyForDeploymentPostprocessing = 0;
		};
/* End PBXSourcesBuildPhase section */

/* Begin PBXVariantGroup section */
		CA5E468B1E2E6E9600A8602E /* Main.storyboard */ = {
			isa = PBXVariantGroup;
			children = (
				CA5E468C1E2E6E9600A8602E /* Base */,
			);
			name = Main.storyboard;
			sourceTree = "<group>";
		};
		CA5E46931E2E6E9600A8602E /* LaunchScreen.storyboard */ = {
			isa = PBXVariantGroup;
			children = (
				CA5E46941E2E6E9600A8602E /* Base */,
			);
			name = LaunchScreen.storyboard;
			sourceTree = "<group>";
		};
/* End PBXVariantGroup section */

/* Begin XCBuildConfiguration section */
		CA5E46971E2E6E9600A8602E /* Debug */ = {
			isa = XCBuildConfiguration;
			buildSettings = {
				ALWAYS_SEARCH_USER_PATHS = NO;
				CLANG_ANALYZER_NONNULL = YES;
				CLANG_CXX_LANGUAGE_STANDARD = "gnu++0x";
				CLANG_CXX_LIBRARY = "libc++";
				CLANG_ENABLE_MODULES = YES;
				CLANG_ENABLE_OBJC_ARC = YES;
				CLANG_WARN_BOOL_CONVERSION = YES;
				CLANG_WARN_CONSTANT_CONVERSION = YES;
				CLANG_WARN_DIRECT_OBJC_ISA_USAGE = YES_ERROR;
				CLANG_WARN_DOCUMENTATION_COMMENTS = YES;
				CLANG_WARN_EMPTY_BODY = YES;
				CLANG_WARN_ENUM_CONVERSION = YES;
				CLANG_WARN_INFINITE_RECURSION = YES;
				CLANG_WARN_INT_CONVERSION = YES;
				CLANG_WARN_OBJC_ROOT_CLASS = YES_ERROR;
				CLANG_WARN_SUSPICIOUS_MOVE = YES;
				CLANG_WARN_UNREACHABLE_CODE = YES;
				CLANG_WARN__DUPLICATE_METHOD_MATCH = YES;
				"CODE_SIGN_IDENTITY[sdk=iphoneos*]" = "iPhone Developer";
				COPY_PHASE_STRIP = NO;
				DEBUG_INFORMATION_FORMAT = dwarf;
				ENABLE_STRICT_OBJC_MSGSEND = YES;
				ENABLE_TESTABILITY = YES;
				GCC_C_LANGUAGE_STANDARD = gnu99;
				GCC_DYNAMIC_NO_PIC = NO;
				GCC_NO_COMMON_BLOCKS = YES;
				GCC_OPTIMIZATION_LEVEL = 0;
				GCC_PREPROCESSOR_DEFINITIONS = (
					"DEBUG=1",
					"$(inherited)",
				);
				GCC_WARN_64_TO_32_BIT_CONVERSION = YES;
				GCC_WARN_ABOUT_RETURN_TYPE = YES_ERROR;
				GCC_WARN_UNDECLARED_SELECTOR = YES;
				GCC_WARN_UNINITIALIZED_AUTOS = YES_AGGRESSIVE;
				GCC_WARN_UNUSED_FUNCTION = YES;
				GCC_WARN_UNUSED_VARIABLE = YES;
				IPHONEOS_DEPLOYMENT_TARGET = 10.2;
				MTL_ENABLE_DEBUG_INFO = YES;
				ONLY_ACTIVE_ARCH = YES;
				SDKROOT = iphoneos;
				SWIFT_ACTIVE_COMPILATION_CONDITIONS = DEBUG;
				SWIFT_OPTIMIZATION_LEVEL = "-Onone";
			};
			name = Debug;
		};
		CA5E46981E2E6E9600A8602E /* Release */ = {
			isa = XCBuildConfiguration;
			buildSettings = {
				ALWAYS_SEARCH_USER_PATHS = NO;
				CLANG_ANALYZER_NONNULL = YES;
				CLANG_CXX_LANGUAGE_STANDARD = "gnu++0x";
				CLANG_CXX_LIBRARY = "libc++";
				CLANG_ENABLE_MODULES = YES;
				CLANG_ENABLE_OBJC_ARC = YES;
				CLANG_WARN_BOOL_CONVERSION = YES;
				CLANG_WARN_CONSTANT_CONVERSION = YES;
				CLANG_WARN_DIRECT_OBJC_ISA_USAGE = YES_ERROR;
				CLANG_WARN_DOCUMENTATION_COMMENTS = YES;
				CLANG_WARN_EMPTY_BODY = YES;
				CLANG_WARN_ENUM_CONVERSION = YES;
				CLANG_WARN_INFINITE_RECURSION = YES;
				CLANG_WARN_INT_CONVERSION = YES;
				CLANG_WARN_OBJC_ROOT_CLASS = YES_ERROR;
				CLANG_WARN_SUSPICIOUS_MOVE = YES;
				CLANG_WARN_UNREACHABLE_CODE = YES;
				CLANG_WARN__DUPLICATE_METHOD_MATCH = YES;
				"CODE_SIGN_IDENTITY[sdk=iphoneos*]" = "iPhone Developer";
				COPY_PHASE_STRIP = NO;
				DEBUG_INFORMATION_FORMAT = "dwarf-with-dsym";
				ENABLE_NS_ASSERTIONS = NO;
				ENABLE_STRICT_OBJC_MSGSEND = YES;
				GCC_C_LANGUAGE_STANDARD = gnu99;
				GCC_NO_COMMON_BLOCKS = YES;
				GCC_WARN_64_TO_32_BIT_CONVERSION = YES;
				GCC_WARN_ABOUT_RETURN_TYPE = YES_ERROR;
				GCC_WARN_UNDECLARED_SELECTOR = YES;
				GCC_WARN_UNINITIALIZED_AUTOS = YES_AGGRESSIVE;
				GCC_WARN_UNUSED_FUNCTION = YES;
				GCC_WARN_UNUSED_VARIABLE = YES;
				IPHONEOS_DEPLOYMENT_TARGET = 10.2;
				MTL_ENABLE_DEBUG_INFO = NO;
				SDKROOT = iphoneos;
				SWIFT_OPTIMIZATION_LEVEL = "-Owholemodule";
				VALIDATE_PRODUCT = YES;
			};
			name = Release;
		};
		CA5E469A1E2E6E9600A8602E /* Debug */ = {
			isa = XCBuildConfiguration;
			buildSettings = {
				ASSETCATALOG_COMPILER_APPICON_NAME = AppIcon;
				INFOPLIST_FILE = addbutton/Info.plist;
				LD_RUNPATH_SEARCH_PATHS = "$(inherited) @executable_path/Frameworks";
				PRODUCT_BUNDLE_IDENTIFIER = com.kevin.addbutton;
				PRODUCT_NAME = "$(TARGET_NAME)";
				SWIFT_VERSION = 3.0;
			};
			name = Debug;
		};
		CA5E469B1E2E6E9600A8602E /* Release */ = {
			isa = XCBuildConfiguration;
			buildSettings = {
				ASSETCATALOG_COMPILER_APPICON_NAME = AppIcon;
				INFOPLIST_FILE = addbutton/Info.plist;
				LD_RUNPATH_SEARCH_PATHS = "$(inherited) @executable_path/Frameworks";
				PRODUCT_BUNDLE_IDENTIFIER = com.kevin.addbutton;
				PRODUCT_NAME = "$(TARGET_NAME)";
				SWIFT_VERSION = 3.0;
			};
			name = Release;
		};
/* End XCBuildConfiguration section */

/* Begin XCConfigurationList section */
		CA5E467F1E2E6E9600A8602E /* Build configuration list for PBXProject "addbutton" */ = {
			isa = XCConfigurationList;
			buildConfigurations = (
				CA5E46971E2E6E9600A8602E /* Debug */,
				CA5E46981E2E6E9600A8602E /* Release */,
			);
			defaultConfigurationIsVisible = 0;
			defaultConfigurationName = Release;
		};
		CA5E46991E2E6E9600A8602E /* Build configuration list for PBXNativeTarget "addbutton" */ = {
			isa = XCConfigurationList;
			buildConfigurations = (
				CA5E469A1E2E6E9600A8602E /* Debug */,
				CA5E469B1E2E6E9600A8602E /* Release */,
			);
			defaultConfigurationIsVisible = 0;
		};
/* End XCConfigurationList section */

/* Begin XCVersionGroup section */
		CA5E468E1E2E6E9600A8602E /* addbutton.xcdatamodeld */ = {
			isa = XCVersionGroup;
			children = (
				CA5E468F1E2E6E9600A8602E /* addbutton.xcdatamodel */,
			);
			currentVersion = CA5E468F1E2E6E9600A8602E /* addbutton.xcdatamodel */;
			path = addbutton.xcdatamodeld;
			sourceTree = "<group>";
			versionGroupType = wrapper.xcdatamodel;
		};
/* End XCVersionGroup section */
	};
	rootObject = CA5E467C1E2E6E9600A8602E /* Project object */;
}
