// !$*UTF8*$!
{
	archiveVersion = 1;
	classes = {
	};
	objectVersion = 46;
	objects = {

/* Begin PBXBuildFile section */
		CADFC70B1E2D56E900FD163F /* AppDelegate.swift in Sources */ = {isa = PBXBuildFile; fileRef = CADFC70A1E2D56E900FD163F /* AppDelegate.swift */; };
		CADFC70D1E2D56E900FD163F /* ViewController.swift in Sources */ = {isa = PBXBuildFile; fileRef = CADFC70C1E2D56E900FD163F /* ViewController.swift */; };
		CADFC7101E2D56E900FD163F /* Main.storyboard in Resources */ = {isa = PBXBuildFile; fileRef = CADFC70E1E2D56E900FD163F /* Main.storyboard */; };
		CADFC7121E2D56E900FD163F /* Assets.xcassets in Resources */ = {isa = PBXBuildFile; fileRef = CADFC7111E2D56E900FD163F /* Assets.xcassets */; };
		CADFC7151E2D56E900FD163F /* LaunchScreen.storyboard in Resources */ = {isa = PBXBuildFile; fileRef = CADFC7131E2D56E900FD163F /* LaunchScreen.storyboard */; };
/* End PBXBuildFile section */

/* Begin PBXFileReference section */
		CADFC7071E2D56E900FD163F /* tbl.app */ = {isa = PBXFileReference; explicitFileType = wrapper.application; includeInIndex = 0; path = tbl.app; sourceTree = BUILT_PRODUCTS_DIR; };
		CADFC70A1E2D56E900FD163F /* AppDelegate.swift */ = {isa = PBXFileReference; lastKnownFileType = sourcecode.swift; path = AppDelegate.swift; sourceTree = "<group>"; };
		CADFC70C1E2D56E900FD163F /* ViewController.swift */ = {isa = PBXFileReference; lastKnownFileType = sourcecode.swift; path = ViewController.swift; sourceTree = "<group>"; };
		CADFC70F1E2D56E900FD163F /* Base */ = {isa = PBXFileReference; lastKnownFileType = file.storyboard; name = Base; path = Base.lproj/Main.storyboard; sourceTree = "<group>"; };
		CADFC7111E2D56E900FD163F /* Assets.xcassets */ = {isa = PBXFileReference; lastKnownFileType = folder.assetcatalog; path = Assets.xcassets; sourceTree = "<group>"; };
		CADFC7141E2D56E900FD163F /* Base */ = {isa = PBXFileReference; lastKnownFileType = file.storyboard; name = Base; path = Base.lproj/LaunchScreen.storyboard; sourceTree = "<group>"; };
		CADFC7161E2D56E900FD163F /* Info.plist */ = {isa = PBXFileReference; lastKnownFileType = text.plist.xml; path = Info.plist; sourceTree = "<group>"; };
/* End PBXFileReference section */

/* Begin PBXFrameworksBuildPhase section */
		CADFC7041E2D56E900FD163F /* Frameworks */ = {
			isa = PBXFrameworksBuildPhase;
			buildActionMask = 2147483647;
			files = (
			);
			runOnlyForDeploymentPostprocessing = 0;
		};
/* End PBXFrameworksBuildPhase section */

/* Begin PBXGroup section */
		CADFC6FE1E2D56E900FD163F = {
			isa = PBXGroup;
			children = (
				CADFC7091E2D56E900FD163F /* tbl */,
				CADFC7081E2D56E900FD163F /* Products */,
			);
			sourceTree = "<group>";
		};
		CADFC7081E2D56E900FD163F /* Products */ = {
			isa = PBXGroup;
			children = (
				CADFC7071E2D56E900FD163F /* tbl.app */,
			);
			name = Products;
			sourceTree = "<group>";
		};
		CADFC7091E2D56E900FD163F /* tbl */ = {
			isa = PBXGroup;
			children = (
				CADFC70A1E2D56E900FD163F /* AppDelegate.swift */,
				CADFC70C1E2D56E900FD163F /* ViewController.swift */,
				CADFC70E1E2D56E900FD163F /* Main.storyboard */,
				CADFC7111E2D56E900FD163F /* Assets.xcassets */,
				CADFC7131E2D56E900FD163F /* LaunchScreen.storyboard */,
				CADFC7161E2D56E900FD163F /* Info.plist */,
			);
			path = tbl;
			sourceTree = "<group>";
		};
/* End PBXGroup section */

/* Begin PBXNativeTarget section */
		CADFC7061E2D56E900FD163F /* tbl */ = {
			isa = PBXNativeTarget;
			buildConfigurationList = CADFC7191E2D56E900FD163F /* Build configuration list for PBXNativeTarget "tbl" */;
			buildPhases = (
				CADFC7031E2D56E900FD163F /* Sources */,
				CADFC7041E2D56E900FD163F /* Frameworks */,
				CADFC7051E2D56E900FD163F /* Resources */,
			);
			buildRules = (
			);
			dependencies = (
			);
			name = tbl;
			productName = tbl;
			productReference = CADFC7071E2D56E900FD163F /* tbl.app */;
			productType = "com.apple.product-type.application";
		};
/* End PBXNativeTarget section */

/* Begin PBXProject section */
		CADFC6FF1E2D56E900FD163F /* Project object */ = {
			isa = PBXProject;
			attributes = {
				LastSwiftUpdateCheck = 0820;
				LastUpgradeCheck = 0820;
				ORGANIZATIONNAME = "Kevin M Tran";
				TargetAttributes = {
					CADFC7061E2D56E900FD163F = {
						CreatedOnToolsVersion = 8.2.1;
						ProvisioningStyle = Automatic;
					};
				};
			};
			buildConfigurationList = CADFC7021E2D56E900FD163F /* Build configuration list for PBXProject "tbl" */;
			compatibilityVersion = "Xcode 3.2";
			developmentRegion = English;
			hasScannedForEncodings = 0;
			knownRegions = (
				en,
				Base,
			);
			mainGroup = CADFC6FE1E2D56E900FD163F;
			productRefGroup = CADFC7081E2D56E900FD163F /* Products */;
			projectDirPath = "";
			projectRoot = "";
			targets = (
				CADFC7061E2D56E900FD163F /* tbl */,
			);
		};
/* End PBXProject section */

/* Begin PBXResourcesBuildPhase section */
		CADFC7051E2D56E900FD163F /* Resources */ = {
			isa = PBXResourcesBuildPhase;
			buildActionMask = 2147483647;
			files = (
				CADFC7151E2D56E900FD163F /* LaunchScreen.storyboard in Resources */,
				CADFC7121E2D56E900FD163F /* Assets.xcassets in Resources */,
				CADFC7101E2D56E900FD163F /* Main.storyboard in Resources */,
			);
			runOnlyForDeploymentPostprocessing = 0;
		};
/* End PBXResourcesBuildPhase section */

/* Begin PBXSourcesBuildPhase section */
		CADFC7031E2D56E900FD163F /* Sources */ = {
			isa = PBXSourcesBuildPhase;
			buildActionMask = 2147483647;
			files = (
				CADFC70D1E2D56E900FD163F /* ViewController.swift in Sources */,
				CADFC70B1E2D56E900FD163F /* AppDelegate.swift in Sources */,
			);
			runOnlyForDeploymentPostprocessing = 0;
		};
/* End PBXSourcesBuildPhase section */

/* Begin PBXVariantGroup section */
		CADFC70E1E2D56E900FD163F /* Main.storyboard */ = {
			isa = PBXVariantGroup;
			children = (
				CADFC70F1E2D56E900FD163F /* Base */,
			);
			name = Main.storyboard;
			sourceTree = "<group>";
		};
		CADFC7131E2D56E900FD163F /* LaunchScreen.storyboard */ = {
			isa = PBXVariantGroup;
			children = (
				CADFC7141E2D56E900FD163F /* Base */,
			);
			name = LaunchScreen.storyboard;
			sourceTree = "<group>";
		};
/* End PBXVariantGroup section */

/* Begin XCBuildConfiguration section */
		CADFC7171E2D56E900FD163F /* Debug */ = {
			isa = XCBuildConfiguration;
			buildSettings = {
				ALWAYS_SEARCH_USER_PATHS = NO;
				CLANG_ANALYZER_NONNULL = YES;
				CLANG_CXX_LANGUAGE_STANDARD = "gnu++0x";
				CLANG_CXX_LIBRARY = "libc++";
				CLANG_ENABLE_MODULES = YES;
				CLANG_ENABLE_OBJC_ARC = YES;
				CLANG_WARN_BOOL_CONVERSION = YES;
				CLANG_WARN_CONSTANT_CONVERSION = YES;
				CLANG_WARN_DIRECT_OBJC_ISA_USAGE = YES_ERROR;
				CLANG_WARN_DOCUMENTATION_COMMENTS = YES;
				CLANG_WARN_EMPTY_BODY = YES;
				CLANG_WARN_ENUM_CONVERSION = YES;
				CLANG_WARN_INFINITE_RECURSION = YES;
				CLANG_WARN_INT_CONVERSION = YES;
				CLANG_WARN_OBJC_ROOT_CLASS = YES_ERROR;
				CLANG_WARN_SUSPICIOUS_MOVE = YES;
				CLANG_WARN_UNREACHABLE_CODE = YES;
				CLANG_WARN__DUPLICATE_METHOD_MATCH = YES;
				"CODE_SIGN_IDENTITY[sdk=iphoneos*]" = "iPhone Developer";
				COPY_PHASE_STRIP = NO;
				DEBUG_INFORMATION_FORMAT = dwarf;
				ENABLE_STRICT_OBJC_MSGSEND = YES;
				ENABLE_TESTABILITY = YES;
				GCC_C_LANGUAGE_STANDARD = gnu99;
				GCC_DYNAMIC_NO_PIC = NO;
				GCC_NO_COMMON_BLOCKS = YES;
				GCC_OPTIMIZATION_LEVEL = 0;
				GCC_PREPROCESSOR_DEFINITIONS = (
					"DEBUG=1",
					"$(inherited)",
				);
				GCC_WARN_64_TO_32_BIT_CONVERSION = YES;
				GCC_WARN_ABOUT_RETURN_TYPE = YES_ERROR;
				GCC_WARN_UNDECLARED_SELECTOR = YES;
				GCC_WARN_UNINITIALIZED_AUTOS = YES_AGGRESSIVE;
				GCC_WARN_UNUSED_FUNCTION = YES;
				GCC_WARN_UNUSED_VARIABLE = YES;
				IPHONEOS_DEPLOYMENT_TARGET = 10.2;
				MTL_ENABLE_DEBUG_INFO = YES;
				ONLY_ACTIVE_ARCH = YES;
				SDKROOT = iphoneos;
				SWIFT_ACTIVE_COMPILATION_CONDITIONS = DEBUG;
				SWIFT_OPTIMIZATION_LEVEL = "-Onone";
			};
			name = Debug;
		};
		CADFC7181E2D56E900FD163F /* Release */ = {
			isa = XCBuildConfiguration;
			buildSettings = {
				ALWAYS_SEARCH_USER_PATHS = NO;
				CLANG_ANALYZER_NONNULL = YES;
				CLANG_CXX_LANGUAGE_STANDARD = "gnu++0x";
				CLANG_CXX_LIBRARY = "libc++";
				CLANG_ENABLE_MODULES = YES;
				CLANG_ENABLE_OBJC_ARC = YES;
				CLANG_WARN_BOOL_CONVERSION = YES;
				CLANG_WARN_CONSTANT_CONVERSION = YES;
				CLANG_WARN_DIRECT_OBJC_ISA_USAGE = YES_ERROR;
				CLANG_WARN_DOCUMENTATION_COMMENTS = YES;
				CLANG_WARN_EMPTY_BODY = YES;
				CLANG_WARN_ENUM_CONVERSION = YES;
				CLANG_WARN_INFINITE_RECURSION = YES;
				CLANG_WARN_INT_CONVERSION = YES;
				CLANG_WARN_OBJC_ROOT_CLASS = YES_ERROR;
				CLANG_WARN_SUSPICIOUS_MOVE = YES;
				CLANG_WARN_UNREACHABLE_CODE = YES;
				CLANG_WARN__DUPLICATE_METHOD_MATCH = YES;
				"CODE_SIGN_IDENTITY[sdk=iphoneos*]" = "iPhone Developer";
				COPY_PHASE_STRIP = NO;
				DEBUG_INFORMATION_FORMAT = "dwarf-with-dsym";
				ENABLE_NS_ASSERTIONS = NO;
				ENABLE_STRICT_OBJC_MSGSEND = YES;
				GCC_C_LANGUAGE_STANDARD = gnu99;
				GCC_NO_COMMON_BLOCKS = YES;
				GCC_WARN_64_TO_32_BIT_CONVERSION = YES;
				GCC_WARN_ABOUT_RETURN_TYPE = YES_ERROR;
				GCC_WARN_UNDECLARED_SELECTOR = YES;
				GCC_WARN_UNINITIALIZED_AUTOS = YES_AGGRESSIVE;
				GCC_WARN_UNUSED_FUNCTION = YES;
				GCC_WARN_UNUSED_VARIABLE = YES;
				IPHONEOS_DEPLOYMENT_TARGET = 10.2;
				MTL_ENABLE_DEBUG_INFO = NO;
				SDKROOT = iphoneos;
				SWIFT_OPTIMIZATION_LEVEL = "-Owholemodule";
				VALIDATE_PRODUCT = YES;
			};
			name = Release;
		};
		CADFC71A1E2D56E900FD163F /* Debug */ = {
			isa = XCBuildConfiguration;
			buildSettings = {
				ASSETCATALOG_COMPILER_APPICON_NAME = AppIcon;
				INFOPLIST_FILE = tbl/Info.plist;
				LD_RUNPATH_SEARCH_PATHS = "$(inherited) @executable_path/Frameworks";
				PRODUCT_BUNDLE_IDENTIFIER = com.kevin.tbl;
				PRODUCT_NAME = "$(TARGET_NAME)";
				SWIFT_VERSION = 3.0;
			};
			name = Debug;
		};
		CADFC71B1E2D56E900FD163F /* Release */ = {
			isa = XCBuildConfiguration;
			buildSettings = {
				ASSETCATALOG_COMPILER_APPICON_NAME = AppIcon;
				INFOPLIST_FILE = tbl/Info.plist;
				LD_RUNPATH_SEARCH_PATHS = "$(inherited) @executable_path/Frameworks";
				PRODUCT_BUNDLE_IDENTIFIER = com.kevin.tbl;
				PRODUCT_NAME = "$(TARGET_NAME)";
				SWIFT_VERSION = 3.0;
			};
			name = Release;
		};
/* End XCBuildConfiguration section */

/* Begin XCConfigurationList section */
		CADFC7021E2D56E900FD163F /* Build configuration list for PBXProject "tbl" */ = {
			isa = XCConfigurationList;
			buildConfigurations = (
				CADFC7171E2D56E900FD163F /* Debug */,
				CADFC7181E2D56E900FD163F /* Release */,
			);
			defaultConfigurationIsVisible = 0;
			defaultConfigurationName = Release;
		};
		CADFC7191E2D56E900FD163F /* Build configuration list for PBXNativeTarget "tbl" */ = {
			isa = XCConfigurationList;
			buildConfigurations = (
				CADFC71A1E2D56E900FD163F /* Debug */,
				CADFC71B1E2D56E900FD163F /* Release */,
			);
			defaultConfigurationIsVisible = 0;
		};
/* End XCConfigurationList section */
	};
	rootObject = CADFC6FF1E2D56E900FD163F /* Project object */;
}
