// !$*UTF8*$!
{
	archiveVersion = 1;
	classes = {
	};
	objectVersion = 46;
	objects = {

/* Begin PBXBuildFile section */
		CA31F6BF1E37A62C0075C7E2 /* AppDelegate.swift in Sources */ = {isa = PBXBuildFile; fileRef = CA31F6BE1E37A62C0075C7E2 /* AppDelegate.swift */; };
		CA31F6C21E37A62C0075C7E2 /* Notes.xcdatamodeld in Sources */ = {isa = PBXBuildFile; fileRef = CA31F6C01E37A62C0075C7E2 /* Notes.xcdatamodeld */; };
		CA31F6C41E37A62C0075C7E2 /* MasterViewController.swift in Sources */ = {isa = PBXBuildFile; fileRef = CA31F6C31E37A62C0075C7E2 /* MasterViewController.swift */; };
		CA31F6C61E37A62C0075C7E2 /* DetailViewController.swift in Sources */ = {isa = PBXBuildFile; fileRef = CA31F6C51E37A62C0075C7E2 /* DetailViewController.swift */; };
		CA31F6C91E37A62C0075C7E2 /* Main.storyboard in Resources */ = {isa = PBXBuildFile; fileRef = CA31F6C71E37A62C0075C7E2 /* Main.storyboard */; };
		CA31F6CB1E37A62C0075C7E2 /* Assets.xcassets in Resources */ = {isa = PBXBuildFile; fileRef = CA31F6CA1E37A62C0075C7E2 /* Assets.xcassets */; };
		CA31F6CE1E37A62C0075C7E2 /* LaunchScreen.storyboard in Resources */ = {isa = PBXBuildFile; fileRef = CA31F6CC1E37A62C0075C7E2 /* LaunchScreen.storyboard */; };
/* End PBXBuildFile section */

/* Begin PBXFileReference section */
		CA31F6BB1E37A62C0075C7E2 /* Notes.app */ = {isa = PBXFileReference; explicitFileType = wrapper.application; includeInIndex = 0; path = Notes.app; sourceTree = BUILT_PRODUCTS_DIR; };
		CA31F6BE1E37A62C0075C7E2 /* AppDelegate.swift */ = {isa = PBXFileReference; lastKnownFileType = sourcecode.swift; path = AppDelegate.swift; sourceTree = "<group>"; };
		CA31F6C11E37A62C0075C7E2 /* Notes.xcdatamodel */ = {isa = PBXFileReference; lastKnownFileType = wrapper.xcdatamodel; path = Notes.xcdatamodel; sourceTree = "<group>"; };
		CA31F6C31E37A62C0075C7E2 /* MasterViewController.swift */ = {isa = PBXFileReference; lastKnownFileType = sourcecode.swift; path = MasterViewController.swift; sourceTree = "<group>"; };
		CA31F6C51E37A62C0075C7E2 /* DetailViewController.swift */ = {isa = PBXFileReference; lastKnownFileType = sourcecode.swift; path = DetailViewController.swift; sourceTree = "<group>"; };
		CA31F6C81E37A62C0075C7E2 /* Base */ = {isa = PBXFileReference; lastKnownFileType = file.storyboard; name = Base; path = Base.lproj/Main.storyboard; sourceTree = "<group>"; };
		CA31F6CA1E37A62C0075C7E2 /* Assets.xcassets */ = {isa = PBXFileReference; lastKnownFileType = folder.assetcatalog; path = Assets.xcassets; sourceTree = "<group>"; };
		CA31F6CD1E37A62C0075C7E2 /* Base */ = {isa = PBXFileReference; lastKnownFileType = file.storyboard; name = Base; path = Base.lproj/LaunchScreen.storyboard; sourceTree = "<group>"; };
		CA31F6CF1E37A62C0075C7E2 /* Info.plist */ = {isa = PBXFileReference; lastKnownFileType = text.plist.xml; path = Info.plist; sourceTree = "<group>"; };
/* End PBXFileReference section */

/* Begin PBXFrameworksBuildPhase section */
		CA31F6B81E37A62C0075C7E2 /* Frameworks */ = {
			isa = PBXFrameworksBuildPhase;
			buildActionMask = 2147483647;
			files = (
			);
			runOnlyForDeploymentPostprocessing = 0;
		};
/* End PBXFrameworksBuildPhase section */

/* Begin PBXGroup section */
		CA31F6B21E37A62C0075C7E2 = {
			isa = PBXGroup;
			children = (
				CA31F6BD1E37A62C0075C7E2 /* Notes */,
				CA31F6BC1E37A62C0075C7E2 /* Products */,
			);
			sourceTree = "<group>";
		};
		CA31F6BC1E37A62C0075C7E2 /* Products */ = {
			isa = PBXGroup;
			children = (
				CA31F6BB1E37A62C0075C7E2 /* Notes.app */,
			);
			name = Products;
			sourceTree = "<group>";
		};
		CA31F6BD1E37A62C0075C7E2 /* Notes */ = {
			isa = PBXGroup;
			children = (
				CA31F6BE1E37A62C0075C7E2 /* AppDelegate.swift */,
				CA31F6C31E37A62C0075C7E2 /* MasterViewController.swift */,
				CA31F6C51E37A62C0075C7E2 /* DetailViewController.swift */,
				CA31F6C71E37A62C0075C7E2 /* Main.storyboard */,
				CA31F6CA1E37A62C0075C7E2 /* Assets.xcassets */,
				CA31F6CC1E37A62C0075C7E2 /* LaunchScreen.storyboard */,
				CA31F6CF1E37A62C0075C7E2 /* Info.plist */,
				CA31F6C01E37A62C0075C7E2 /* Notes.xcdatamodeld */,
			);
			path = Notes;
			sourceTree = "<group>";
		};
/* End PBXGroup section */

/* Begin PBXNativeTarget section */
		CA31F6BA1E37A62C0075C7E2 /* Notes */ = {
			isa = PBXNativeTarget;
			buildConfigurationList = CA31F6D21E37A62C0075C7E2 /* Build configuration list for PBXNativeTarget "Notes" */;
			buildPhases = (
				CA31F6B71E37A62C0075C7E2 /* Sources */,
				CA31F6B81E37A62C0075C7E2 /* Frameworks */,
				CA31F6B91E37A62C0075C7E2 /* Resources */,
			);
			buildRules = (
			);
			dependencies = (
			);
			name = Notes;
			productName = Notes;
			productReference = CA31F6BB1E37A62C0075C7E2 /* Notes.app */;
			productType = "com.apple.product-type.application";
		};
/* End PBXNativeTarget section */

/* Begin PBXProject section */
		CA31F6B31E37A62C0075C7E2 /* Project object */ = {
			isa = PBXProject;
			attributes = {
				LastSwiftUpdateCheck = 0820;
				LastUpgradeCheck = 0820;
				ORGANIZATIONNAME = "Kevin M Tran";
				TargetAttributes = {
					CA31F6BA1E37A62C0075C7E2 = {
						CreatedOnToolsVersion = 8.2.1;
						ProvisioningStyle = Automatic;
					};
				};
			};
			buildConfigurationList = CA31F6B61E37A62C0075C7E2 /* Build configuration list for PBXProject "Notes" */;
			compatibilityVersion = "Xcode 3.2";
			developmentRegion = English;
			hasScannedForEncodings = 0;
			knownRegions = (
				en,
				Base,
			);
			mainGroup = CA31F6B21E37A62C0075C7E2;
			productRefGroup = CA31F6BC1E37A62C0075C7E2 /* Products */;
			projectDirPath = "";
			projectRoot = "";
			targets = (
				CA31F6BA1E37A62C0075C7E2 /* Notes */,
			);
		};
/* End PBXProject section */

/* Begin PBXResourcesBuildPhase section */
		CA31F6B91E37A62C0075C7E2 /* Resources */ = {
			isa = PBXResourcesBuildPhase;
			buildActionMask = 2147483647;
			files = (
				CA31F6CE1E37A62C0075C7E2 /* LaunchScreen.storyboard in Resources */,
				CA31F6CB1E37A62C0075C7E2 /* Assets.xcassets in Resources */,
				CA31F6C91E37A62C0075C7E2 /* Main.storyboard in Resources */,
			);
			runOnlyForDeploymentPostprocessing = 0;
		};
/* End PBXResourcesBuildPhase section */

/* Begin PBXSourcesBuildPhase section */
		CA31F6B71E37A62C0075C7E2 /* Sources */ = {
			isa = PBXSourcesBuildPhase;
			buildActionMask = 2147483647;
			files = (
				CA31F6BF1E37A62C0075C7E2 /* AppDelegate.swift in Sources */,
				CA31F6C21E37A62C0075C7E2 /* Notes.xcdatamodeld in Sources */,
				CA31F6C41E37A62C0075C7E2 /* MasterViewController.swift in Sources */,
				CA31F6C61E37A62C0075C7E2 /* DetailViewController.swift in Sources */,
			);
			runOnlyForDeploymentPostprocessing = 0;
		};
/* End PBXSourcesBuildPhase section */

/* Begin PBXVariantGroup section */
		CA31F6C71E37A62C0075C7E2 /* Main.storyboard */ = {
			isa = PBXVariantGroup;
			children = (
				CA31F6C81E37A62C0075C7E2 /* Base */,
			);
			name = Main.storyboard;
			sourceTree = "<group>";
		};
		CA31F6CC1E37A62C0075C7E2 /* LaunchScreen.storyboard */ = {
			isa = PBXVariantGroup;
			children = (
				CA31F6CD1E37A62C0075C7E2 /* Base */,
			);
			name = LaunchScreen.storyboard;
			sourceTree = "<group>";
		};
/* End PBXVariantGroup section */

/* Begin XCBuildConfiguration section */
		CA31F6D01E37A62C0075C7E2 /* Debug */ = {
			isa = XCBuildConfiguration;
			buildSettings = {
				ALWAYS_SEARCH_USER_PATHS = NO;
				CLANG_ANALYZER_NONNULL = YES;
				CLANG_CXX_LANGUAGE_STANDARD = "gnu++0x";
				CLANG_CXX_LIBRARY = "libc++";
				CLANG_ENABLE_MODULES = YES;
				CLANG_ENABLE_OBJC_ARC = YES;
				CLANG_WARN_BOOL_CONVERSION = YES;
				CLANG_WARN_CONSTANT_CONVERSION = YES;
				CLANG_WARN_DIRECT_OBJC_ISA_USAGE = YES_ERROR;
				CLANG_WARN_DOCUMENTATION_COMMENTS = YES;
				CLANG_WARN_EMPTY_BODY = YES;
				CLANG_WARN_ENUM_CONVERSION = YES;
				CLANG_WARN_INFINITE_RECURSION = YES;
				CLANG_WARN_INT_CONVERSION = YES;
				CLANG_WARN_OBJC_ROOT_CLASS = YES_ERROR;
				CLANG_WARN_SUSPICIOUS_MOVE = YES;
				CLANG_WARN_UNREACHABLE_CODE = YES;
				CLANG_WARN__DUPLICATE_METHOD_MATCH = YES;
				"CODE_SIGN_IDENTITY[sdk=iphoneos*]" = "iPhone Developer";
				COPY_PHASE_STRIP = NO;
				DEBUG_INFORMATION_FORMAT = dwarf;
				ENABLE_STRICT_OBJC_MSGSEND = YES;
				ENABLE_TESTABILITY = YES;
				GCC_C_LANGUAGE_STANDARD = gnu99;
				GCC_DYNAMIC_NO_PIC = NO;
				GCC_NO_COMMON_BLOCKS = YES;
				GCC_OPTIMIZATION_LEVEL = 0;
				GCC_PREPROCESSOR_DEFINITIONS = (
					"DEBUG=1",
					"$(inherited)",
				);
				GCC_WARN_64_TO_32_BIT_CONVERSION = YES;
				GCC_WARN_ABOUT_RETURN_TYPE = YES_ERROR;
				GCC_WARN_UNDECLARED_SELECTOR = YES;
				GCC_WARN_UNINITIALIZED_AUTOS = YES_AGGRESSIVE;
				GCC_WARN_UNUSED_FUNCTION = YES;
				GCC_WARN_UNUSED_VARIABLE = YES;
				IPHONEOS_DEPLOYMENT_TARGET = 10.2;
				MTL_ENABLE_DEBUG_INFO = YES;
				ONLY_ACTIVE_ARCH = YES;
				SDKROOT = iphoneos;
				SWIFT_ACTIVE_COMPILATION_CONDITIONS = DEBUG;
				SWIFT_OPTIMIZATION_LEVEL = "-Onone";
			};
			name = Debug;
		};
		CA31F6D11E37A62C0075C7E2 /* Release */ = {
			isa = XCBuildConfiguration;
			buildSettings = {
				ALWAYS_SEARCH_USER_PATHS = NO;
				CLANG_ANALYZER_NONNULL = YES;
				CLANG_CXX_LANGUAGE_STANDARD = "gnu++0x";
				CLANG_CXX_LIBRARY = "libc++";
				CLANG_ENABLE_MODULES = YES;
				CLANG_ENABLE_OBJC_ARC = YES;
				CLANG_WARN_BOOL_CONVERSION = YES;
				CLANG_WARN_CONSTANT_CONVERSION = YES;
				CLANG_WARN_DIRECT_OBJC_ISA_USAGE = YES_ERROR;
				CLANG_WARN_DOCUMENTATION_COMMENTS = YES;
				CLANG_WARN_EMPTY_BODY = YES;
				CLANG_WARN_ENUM_CONVERSION = YES;
				CLANG_WARN_INFINITE_RECURSION = YES;
				CLANG_WARN_INT_CONVERSION = YES;
				CLANG_WARN_OBJC_ROOT_CLASS = YES_ERROR;
				CLANG_WARN_SUSPICIOUS_MOVE = YES;
				CLANG_WARN_UNREACHABLE_CODE = YES;
				CLANG_WARN__DUPLICATE_METHOD_MATCH = YES;
				"CODE_SIGN_IDENTITY[sdk=iphoneos*]" = "iPhone Developer";
				COPY_PHASE_STRIP = NO;
				DEBUG_INFORMATION_FORMAT = "dwarf-with-dsym";
				ENABLE_NS_ASSERTIONS = NO;
				ENABLE_STRICT_OBJC_MSGSEND = YES;
				GCC_C_LANGUAGE_STANDARD = gnu99;
				GCC_NO_COMMON_BLOCKS = YES;
				GCC_WARN_64_TO_32_BIT_CONVERSION = YES;
				GCC_WARN_ABOUT_RETURN_TYPE = YES_ERROR;
				GCC_WARN_UNDECLARED_SELECTOR = YES;
				GCC_WARN_UNINITIALIZED_AUTOS = YES_AGGRESSIVE;
				GCC_WARN_UNUSED_FUNCTION = YES;
				GCC_WARN_UNUSED_VARIABLE = YES;
				IPHONEOS_DEPLOYMENT_TARGET = 10.2;
				MTL_ENABLE_DEBUG_INFO = NO;
				SDKROOT = iphoneos;
				SWIFT_OPTIMIZATION_LEVEL = "-Owholemodule";
				VALIDATE_PRODUCT = YES;
			};
			name = Release;
		};
		CA31F6D31E37A62C0075C7E2 /* Debug */ = {
			isa = XCBuildConfiguration;
			buildSettings = {
				ASSETCATALOG_COMPILER_APPICON_NAME = AppIcon;
				INFOPLIST_FILE = Notes/Info.plist;
				LD_RUNPATH_SEARCH_PATHS = "$(inherited) @executable_path/Frameworks";
				PRODUCT_BUNDLE_IDENTIFIER = com.kevin.Notes;
				PRODUCT_NAME = "$(TARGET_NAME)";
				SWIFT_VERSION = 3.0;
			};
			name = Debug;
		};
		CA31F6D41E37A62C0075C7E2 /* Release */ = {
			isa = XCBuildConfiguration;
			buildSettings = {
				ASSETCATALOG_COMPILER_APPICON_NAME = AppIcon;
				INFOPLIST_FILE = Notes/Info.plist;
				LD_RUNPATH_SEARCH_PATHS = "$(inherited) @executable_path/Frameworks";
				PRODUCT_BUNDLE_IDENTIFIER = com.kevin.Notes;
				PRODUCT_NAME = "$(TARGET_NAME)";
				SWIFT_VERSION = 3.0;
			};
			name = Release;
		};
/* End XCBuildConfiguration section */

/* Begin XCConfigurationList section */
		CA31F6B61E37A62C0075C7E2 /* Build configuration list for PBXProject "Notes" */ = {
			isa = XCConfigurationList;
			buildConfigurations = (
				CA31F6D01E37A62C0075C7E2 /* Debug */,
				CA31F6D11E37A62C0075C7E2 /* Release */,
			);
			defaultConfigurationIsVisible = 0;
			defaultConfigurationName = Release;
		};
		CA31F6D21E37A62C0075C7E2 /* Build configuration list for PBXNativeTarget "Notes" */ = {
			isa = XCConfigurationList;
			buildConfigurations = (
				CA31F6D31E37A62C0075C7E2 /* Debug */,
				CA31F6D41E37A62C0075C7E2 /* Release */,
			);
			defaultConfigurationIsVisible = 0;
		};
/* End XCConfigurationList section */

/* Begin XCVersionGroup section */
		CA31F6C01E37A62C0075C7E2 /* Notes.xcdatamodeld */ = {
			isa = XCVersionGroup;
			children = (
				CA31F6C11E37A62C0075C7E2 /* Notes.xcdatamodel */,
			);
			currentVersion = CA31F6C11E37A62C0075C7E2 /* Notes.xcdatamodel */;
			path = Notes.xcdatamodeld;
			sourceTree = "<group>";
			versionGroupType = wrapper.xcdatamodel;
		};
/* End XCVersionGroup section */
	};
	rootObject = CA31F6B31E37A62C0075C7E2 /* Project object */;
}
